
Microsoft Visual Studio Solution File, Format Version 12.00
# Visual Studio Version 17
VisualStudioVersion = 17.7.34018.315
MinimumVisualStudioVersion = 10.0.40219.1
Project("{FAE04EC0-301F-11D3-BF4B-00C04F79EFBC}") = "BulkyWeb", "BulkyWeb\BulkyWeb.csproj", "{4FE479FA-BB6C-4487-BEE0-3DCC79E9C966}"
EndProject
Global
	GlobalSection(SolutionConfigurationPlatforms) = preSolution
		Debug|Any CPU = Debug|Any CPU
		Release|Any CPU = Release|Any CPU
	EndGlobalSection
	GlobalSection(ProjectConfigurationPlatforms) = postSolution
		{4FE479FA-BB6C-4487-BEE0-3DCC79E9C966}.Debug|Any CPU.ActiveCfg = Debug|Any CPU
		{4FE479FA-BB6C-4487-BEE0-3DCC79E9C966}.Debug|Any CPU.Build.0 = Debug|Any CPU
		{4FE479FA-BB6C-4487-BEE0-3DCC79E9C966}.Release|Any CPU.ActiveCfg = Release|Any CPU
		{4FE479FA-BB6C-4487-BEE0-3DCC79E9C966}.Release|Any CPU.Build.0 = Release|Any CPU
	EndGlobalSection
	GlobalSection(SolutionProperties) = preSolution
		HideSolutionNode = FALSE
	EndGlobalSection
	GlobalSection(ExtensibilityGlobals) = postSolution
		SolutionGuid = {F82AC5AE-A079-4110-9112-8B320A4FECA4}
	EndGlobalSection
EndGlobal
